
Microsoft Visual Studio Solution File, Format Version 12.00
# Visual Studio 2012
Project("{FAE04EC0-301F-11D3-BF4B-00C04F79EFBC}") = "XptProxy", "XptProxy\XptProxy.csproj", "{278FA9D0-B9BF-47E1-AC65-0A887EF726FB}"
EndProject
Project("{FAE04EC0-301F-11D3-BF4B-00C04F79EFBC}") = "PoolTests", "PoolTests\PoolTests.csproj", "{8608E651-40F4-4158-81A9-47811A8C2D32}"
EndProject
Global
	GlobalSection(SolutionConfigurationPlatforms) = preSolution
		Debug|Any CPU = Debug|Any CPU
		Release|Any CPU = Release|Any CPU
	EndGlobalSection
	GlobalSection(ProjectConfigurationPlatforms) = postSolution
		{278FA9D0-B9BF-47E1-AC65-0A887EF726FB}.Debug|Any CPU.ActiveCfg = Debug|Any CPU
		{278FA9D0-B9BF-47E1-AC65-0A887EF726FB}.Debug|Any CPU.Build.0 = Debug|Any CPU
		{278FA9D0-B9BF-47E1-AC65-0A887EF726FB}.Release|Any CPU.ActiveCfg = Release|Any CPU
		{278FA9D0-B9BF-47E1-AC65-0A887EF726FB}.Release|Any CPU.Build.0 = Release|Any CPU
		{8608E651-40F4-4158-81A9-47811A8C2D32}.Debug|Any CPU.ActiveCfg = Debug|Any CPU
		{8608E651-40F4-4158-81A9-47811A8C2D32}.Debug|Any CPU.Build.0 = Debug|Any CPU
		{8608E651-40F4-4158-81A9-47811A8C2D32}.Release|Any CPU.ActiveCfg = Release|Any CPU
		{8608E651-40F4-4158-81A9-47811A8C2D32}.Release|Any CPU.Build.0 = Release|Any CPU
	EndGlobalSection
	GlobalSection(SolutionProperties) = preSolution
		HideSolutionNode = FALSE
	EndGlobalSection
EndGlobal
